# This file is autogenerated, do not edit; changes may be undone by the next 'dep ensure'.


[[projects]]
  name = "github.com/fatih/color"
  packages = ["."]
  revision = "5b77d2a35fb0ede96d138fc9a99f5c9b6aef11b4"
  version = "v1.7.0"

[[projects]]
  name = "github.com/fatih/structtag"
  packages = ["."]
  revision = "76ae1d6d2117609598c7d4e8f3e938145f204e8f"
  version = "v1.0.0"

[[projects]]
  name = "github.com/go-yaml/yaml"
  packages = ["."]
  revision = "51d6538a90f86fe93ac480b35f37b2be17fef232"
  version = "v2.2.2"

[[projects]]
  name = "github.com/inconshreveable/mousetrap"
  packages = ["."]
  revision = "76626ae9c91c4f2a10f34cad8ce83ea42c93bb75"
  version = "v1.0"

[[projects]]
  name = "github.com/mattn/go-colorable"
  packages = ["."]
  revision = "167de6bfdfba052fa6b2d3664c8f5272e23c9072"
  version = "v0.0.9"

[[projects]]
  name = "github.com/mattn/go-isatty"
  packages = ["."]
  revision = "6ca4dbf54d38eea1a992b3c722a76a5d1c4cb25c"
  version = "v0.0.4"

[[projects]]
  name = "github.com/mattn/go-runewidth"
  packages = ["."]
  revision = "3ee7d812e62a0804a7d0a324e0249ca2db3476d3"
  version = "v0.0.4"

[[projects]]
  name = "github.com/olekukonko/tablewriter"
  packages = ["."]
  revision = "e6d60cf7ba1f42d86d54cdf5508611c4aafb3970"
  version = "v0.0.1"

[[projects]]
  name = "github.com/spf13/cobra"
  packages = ["."]
  revision = "ef82de70bb3f60c65fb8eebacbb2d122ef517385"
  version = "v0.0.3"

[[projects]]
  name = "github.com/spf13/pflag"
  packages = ["."]
  revision = "298182f68c66c05229eb03ac171abe6e309ee79a"
  version = "v1.0.3"

[[projects]]
  branch = "master"
  name = "golang.org/x/sys"
  packages = ["unix"]
  revision = "3b5209105503162ded1863c307ac66fec31120dd"

[solve-meta]
  analyzer-name = "dep"
  analyzer-version = 1
  inputs-digest = "1a82f86da2d3ce72239c1ee7e241dc7d4f94f0891cd20a60fba163482976abe2"
  solver-name = "gps-cdcl"
  solver-version = 1
